
Microsoft Visual Studio Solution File, Format Version 12.00
# Visual Studio Version 17
VisualStudioVersion = 17.4.33213.308
MinimumVisualStudioVersion = 10.0.40219.1
Project("{FAE04EC0-301F-11D3-BF4B-00C04F79EFBC}") = "Logical_Programming", "Logical_Programming\Logical_Programming.csproj", "{0C702125-2C58-4A7A-A4AF-5281ACFBA454}"
EndProject
Global
	GlobalSection(SolutionConfigurationPlatforms) = preSolution
		Debug|Any CPU = Debug|Any CPU
		Release|Any CPU = Release|Any CPU
	EndGlobalSection
	GlobalSection(ProjectConfigurationPlatforms) = postSolution
		{0C702125-2C58-4A7A-A4AF-5281ACFBA454}.Debug|Any CPU.ActiveCfg = Debug|Any CPU
		{0C702125-2C58-4A7A-A4AF-5281ACFBA454}.Debug|Any CPU.Build.0 = Debug|Any CPU
		{0C702125-2C58-4A7A-A4AF-5281ACFBA454}.Release|Any CPU.ActiveCfg = Release|Any CPU
		{0C702125-2C58-4A7A-A4AF-5281ACFBA454}.Release|Any CPU.Build.0 = Release|Any CPU
	EndGlobalSection
	GlobalSection(SolutionProperties) = preSolution
		HideSolutionNode = FALSE
	EndGlobalSection
	GlobalSection(ExtensibilityGlobals) = postSolution
		SolutionGuid = {D833C356-7FEA-4754-96D2-7152F3D1FB60}
	EndGlobalSection
EndGlobal
